
Microsoft Visual Studio Solution File, Format Version 12.00
# Visual Studio Version 17
VisualStudioVersion = 17.9.34728.123
MinimumVisualStudioVersion = 10.0.40219.1
Project("{9A19103F-16F7-4668-BE54-9A1E7A4F7556}") = "RAG_API", "RAG_API\RAG_API.csproj", "{FD57BCAB-3E27-474B-9D55-291DDB0F8AE5}"
EndProject
Project("{9A19103F-16F7-4668-BE54-9A1E7A4F7556}") = "EmbeddingService", "EmbeddingService\EmbeddingService.csproj", "{CA390BB2-D0F9-4DF2-B48E-5FD0E9624B81}"
EndProject
Project("{9A19103F-16F7-4668-BE54-9A1E7A4F7556}") = "ChatManagement", "ChatMangement\ChatManagement.csproj", "{AA671B1A-7A2D-4A23-A85A-A9EEDA726EB0}"
EndProject
Project("{9A19103F-16F7-4668-BE54-9A1E7A4F7556}") = "SemanticKernelFactory", "SemanticKernelFactory\SemanticKernelFactory.csproj", "{5F3E2028-87A0-4311-BD1B-589BFF7A5A31}"
EndProject
Global
	GlobalSection(SolutionConfigurationPlatforms) = preSolution
		Debug|Any CPU = Debug|Any CPU
		Release|Any CPU = Release|Any CPU
	EndGlobalSection
	GlobalSection(ProjectConfigurationPlatforms) = postSolution
		{FD57BCAB-3E27-474B-9D55-291DDB0F8AE5}.Debug|Any CPU.ActiveCfg = Debug|Any CPU
		{FD57BCAB-3E27-474B-9D55-291DDB0F8AE5}.Debug|Any CPU.Build.0 = Debug|Any CPU
		{FD57BCAB-3E27-474B-9D55-291DDB0F8AE5}.Release|Any CPU.ActiveCfg = Release|Any CPU
		{FD57BCAB-3E27-474B-9D55-291DDB0F8AE5}.Release|Any CPU.Build.0 = Release|Any CPU
		{CA390BB2-D0F9-4DF2-B48E-5FD0E9624B81}.Debug|Any CPU.ActiveCfg = Debug|Any CPU
		{CA390BB2-D0F9-4DF2-B48E-5FD0E9624B81}.Debug|Any CPU.Build.0 = Debug|Any CPU
		{CA390BB2-D0F9-4DF2-B48E-5FD0E9624B81}.Release|Any CPU.ActiveCfg = Release|Any CPU
		{CA390BB2-D0F9-4DF2-B48E-5FD0E9624B81}.Release|Any CPU.Build.0 = Release|Any CPU
		{AA671B1A-7A2D-4A23-A85A-A9EEDA726EB0}.Debug|Any CPU.ActiveCfg = Debug|Any CPU
		{AA671B1A-7A2D-4A23-A85A-A9EEDA726EB0}.Debug|Any CPU.Build.0 = Debug|Any CPU
		{AA671B1A-7A2D-4A23-A85A-A9EEDA726EB0}.Release|Any CPU.ActiveCfg = Release|Any CPU
		{AA671B1A-7A2D-4A23-A85A-A9EEDA726EB0}.Release|Any CPU.Build.0 = Release|Any CPU
		{5F3E2028-87A0-4311-BD1B-589BFF7A5A31}.Debug|Any CPU.ActiveCfg = Debug|Any CPU
		{5F3E2028-87A0-4311-BD1B-589BFF7A5A31}.Debug|Any CPU.Build.0 = Debug|Any CPU
		{5F3E2028-87A0-4311-BD1B-589BFF7A5A31}.Release|Any CPU.ActiveCfg = Release|Any CPU
		{5F3E2028-87A0-4311-BD1B-589BFF7A5A31}.Release|Any CPU.Build.0 = Release|Any CPU
	EndGlobalSection
	GlobalSection(SolutionProperties) = preSolution
		HideSolutionNode = FALSE
	EndGlobalSection
	GlobalSection(ExtensibilityGlobals) = postSolution
		SolutionGuid = {EC4E198B-21D6-4A77-B5B5-9D59BF485170}
	EndGlobalSection
EndGlobal
